// !$*UTF8*$!
{
	archiveVersion = 1;
	classes = {
	};
	objectVersion = 60;
	objects = {

/* Begin PBXBuildFile section */
		A001 /* DualSizeAgentApp.swift in Sources */ = {isa = PBXBuildFile; fileRef = B001 /* DualSizeAgentApp.swift */; };
		A002 /* ContentView.swift in Sources */ = {isa = PBXBuildFile; fileRef = B002 /* ContentView.swift */; };
		A003 /* MainTabView.swift in Sources */ = {isa = PBXBuildFile; fileRef = B003 /* MainTabView.swift */; };
		A004 /* StatusView.swift in Sources */ = {isa = PBXBuildFile; fileRef = B004 /* StatusView.swift */; };
		A005 /* StreamView.swift in Sources */ = {isa = PBXBuildFile; fileRef = B005 /* StreamView.swift */; };
		A006 /* SettingsView.swift in Sources */ = {isa = PBXBuildFile; fileRef = B006 /* SettingsView.swift */; };
		A007 /* ConnectionView.swift in Sources */ = {isa = PBXBuildFile; fileRef = B007 /* ConnectionView.swift */; };
		A008 /* PairingCodeView.swift in Sources */ = {isa = PBXBuildFile; fileRef = B008 /* PairingCodeView.swift */; };
		A009 /* GlassCard.swift in Sources */ = {isa = PBXBuildFile; fileRef = B009 /* GlassCard.swift */; };
		A010 /* StatusIndicator.swift in Sources */ = {isa = PBXBuildFile; fileRef = B010 /* StatusIndicator.swift */; };
		A011 /* MetricRow.swift in Sources */ = {isa = PBXBuildFile; fileRef = B011 /* MetricRow.swift */; };
		A012 /* GlassToggle.swift in Sources */ = {isa = PBXBuildFile; fileRef = B012 /* GlassToggle.swift */; };
		A013 /* Theme.swift in Sources */ = {isa = PBXBuildFile; fileRef = B013 /* Theme.swift */; };
		A014 /* MotionTracker.swift in Sources */ = {isa = PBXBuildFile; fileRef = B014 /* MotionTracker.swift */; };
		A015 /* DeviceIdentifier.swift in Sources */ = {isa = PBXBuildFile; fileRef = B015 /* DeviceIdentifier.swift */; };
		A016 /* ConnectionManager.swift in Sources */ = {isa = PBXBuildFile; fileRef = B016 /* ConnectionManager.swift */; };
		A017 /* StreamingManager.swift in Sources */ = {isa = PBXBuildFile; fileRef = B017 /* StreamingManager.swift */; };
		A018 /* PairingService.swift in Sources */ = {isa = PBXBuildFile; fileRef = B018 /* PairingService.swift */; };
		A019 /* AppDetector.swift in Sources */ = {isa = PBXBuildFile; fileRef = B019 /* AppDetector.swift */; };
		A020 /* BatteryMonitor.swift in Sources */ = {isa = PBXBuildFile; fileRef = B020 /* BatteryMonitor.swift */; };
		A021 /* HapticManager.swift in Sources */ = {isa = PBXBuildFile; fileRef = B021 /* HapticManager.swift */; };
		A022 /* Assets.xcassets in Resources */ = {isa = PBXBuildFile; fileRef = B022 /* Assets.xcassets */; };
		A023 /* SampleHandler.swift in Sources */ = {isa = PBXBuildFile; fileRef = B023 /* SampleHandler.swift */; };
		A024 /* VideoEncoder.swift in Sources */ = {isa = PBXBuildFile; fileRef = B024 /* VideoEncoder.swift */; };
		A025 /* NetworkStreamer.swift in Sources */ = {isa = PBXBuildFile; fileRef = B025 /* NetworkStreamer.swift */; };
		A026 /* InfoView.swift in Sources */ = {isa = PBXBuildFile; fileRef = B026 /* InfoView.swift */; };
		A027 /* AnimatedGradientBG.swift in Sources */ = {isa = PBXBuildFile; fileRef = B027 /* AnimatedGradientBG.swift */; };
		A028 /* LiquidGlassModifier.swift in Sources */ = {isa = PBXBuildFile; fileRef = B028 /* LiquidGlassModifier.swift */; };
		A029 /* DynamicIslandActivity.swift in Sources */ = {isa = PBXBuildFile; fileRef = B029 /* DynamicIslandActivity.swift */; };
		A030 /* LocationView.swift in Sources */ = {isa = PBXBuildFile; fileRef = B030 /* LocationView.swift */; };
/* End PBXBuildFile section */

/* Begin PBXFileReference section */
		B001 /* DualSizeAgentApp.swift */ = {isa = PBXFileReference; lastKnownFileType = sourcecode.swift; path = DualSizeAgentApp.swift; sourceTree = "<group>"; };
		B002 /* ContentView.swift */ = {isa = PBXFileReference; lastKnownFileType = sourcecode.swift; path = ContentView.swift; sourceTree = "<group>"; };
		B003 /* MainTabView.swift */ = {isa = PBXFileReference; lastKnownFileType = sourcecode.swift; path = MainTabView.swift; sourceTree = "<group>"; };
		B004 /* StatusView.swift */ = {isa = PBXFileReference; lastKnownFileType = sourcecode.swift; path = StatusView.swift; sourceTree = "<group>"; };
		B005 /* StreamView.swift */ = {isa = PBXFileReference; lastKnownFileType = sourcecode.swift; path = StreamView.swift; sourceTree = "<group>"; };
		B006 /* SettingsView.swift */ = {isa = PBXFileReference; lastKnownFileType = sourcecode.swift; path = SettingsView.swift; sourceTree = "<group>"; };
		B007 /* ConnectionView.swift */ = {isa = PBXFileReference; lastKnownFileType = sourcecode.swift; path = ConnectionView.swift; sourceTree = "<group>"; };
		B008 /* PairingCodeView.swift */ = {isa = PBXFileReference; lastKnownFileType = sourcecode.swift; path = PairingCodeView.swift; sourceTree = "<group>"; };
		B009 /* GlassCard.swift */ = {isa = PBXFileReference; lastKnownFileType = sourcecode.swift; path = GlassCard.swift; sourceTree = "<group>"; };
		B010 /* StatusIndicator.swift */ = {isa = PBXFileReference; lastKnownFileType = sourcecode.swift; path = StatusIndicator.swift; sourceTree = "<group>"; };
		B011 /* MetricRow.swift */ = {isa = PBXFileReference; lastKnownFileType = sourcecode.swift; path = MetricRow.swift; sourceTree = "<group>"; };
		B012 /* GlassToggle.swift */ = {isa = PBXFileReference; lastKnownFileType = sourcecode.swift; path = GlassToggle.swift; sourceTree = "<group>"; };
		B013 /* Theme.swift */ = {isa = PBXFileReference; lastKnownFileType = sourcecode.swift; path = Theme.swift; sourceTree = "<group>"; };
		B014 /* MotionTracker.swift */ = {isa = PBXFileReference; lastKnownFileType = sourcecode.swift; path = MotionTracker.swift; sourceTree = "<group>"; };
		B015 /* DeviceIdentifier.swift */ = {isa = PBXFileReference; lastKnownFileType = sourcecode.swift; path = DeviceIdentifier.swift; sourceTree = "<group>"; };
		B016 /* ConnectionManager.swift */ = {isa = PBXFileReference; lastKnownFileType = sourcecode.swift; path = ConnectionManager.swift; sourceTree = "<group>"; };
		B017 /* StreamingManager.swift */ = {isa = PBXFileReference; lastKnownFileType = sourcecode.swift; path = StreamingManager.swift; sourceTree = "<group>"; };
		B018 /* PairingService.swift */ = {isa = PBXFileReference; lastKnownFileType = sourcecode.swift; path = PairingService.swift; sourceTree = "<group>"; };
		B019 /* AppDetector.swift */ = {isa = PBXFileReference; lastKnownFileType = sourcecode.swift; path = AppDetector.swift; sourceTree = "<group>"; };
		B020 /* BatteryMonitor.swift */ = {isa = PBXFileReference; lastKnownFileType = sourcecode.swift; path = BatteryMonitor.swift; sourceTree = "<group>"; };
		B021 /* HapticManager.swift */ = {isa = PBXFileReference; lastKnownFileType = sourcecode.swift; path = HapticManager.swift; sourceTree = "<group>"; };
		B022 /* Assets.xcassets */ = {isa = PBXFileReference; lastKnownFileType = folder.assetcatalog; path = Assets.xcassets; sourceTree = "<group>"; };
		B023 /* SampleHandler.swift */ = {isa = PBXFileReference; lastKnownFileType = sourcecode.swift; path = SampleHandler.swift; sourceTree = "<group>"; };
		B024 /* VideoEncoder.swift */ = {isa = PBXFileReference; lastKnownFileType = sourcecode.swift; path = VideoEncoder.swift; sourceTree = "<group>"; };
		B025 /* NetworkStreamer.swift */ = {isa = PBXFileReference; lastKnownFileType = sourcecode.swift; path = NetworkStreamer.swift; sourceTree = "<group>"; };
		B026 /* InfoView.swift */ = {isa = PBXFileReference; lastKnownFileType = sourcecode.swift; path = InfoView.swift; sourceTree = "<group>"; };
		B027 /* AnimatedGradientBG.swift */ = {isa = PBXFileReference; lastKnownFileType = sourcecode.swift; path = AnimatedGradientBG.swift; sourceTree = "<group>"; };
		B028 /* LiquidGlassModifier.swift */ = {isa = PBXFileReference; lastKnownFileType = sourcecode.swift; path = LiquidGlassModifier.swift; sourceTree = "<group>"; };
		B029 /* DynamicIslandActivity.swift */ = {isa = PBXFileReference; lastKnownFileType = sourcecode.swift; path = DynamicIslandActivity.swift; sourceTree = "<group>"; };
		B030 /* LocationView.swift */ = {isa = PBXFileReference; lastKnownFileType = sourcecode.swift; path = LocationView.swift; sourceTree = "<group>"; };
		C001 /* DualSizeAgent.app */ = {isa = PBXFileReference; explicitFileType = wrapper.application; includeInIndex = 0; path = DualSizeAgent.app; sourceTree = BUILT_PRODUCTS_DIR; };
		C002 /* Info.plist */ = {isa = PBXFileReference; lastKnownFileType = text.plist.xml; path = Info.plist; sourceTree = "<group>"; };
		C003 /* DualSizeAgent.entitlements */ = {isa = PBXFileReference; lastKnownFileType = text.plist.entitlements; path = DualSizeAgent.entitlements; sourceTree = "<group>"; };
/* End PBXFileReference section */

/* Begin PBXGroup section */
		D001 = {
			isa = PBXGroup;
			children = (
				D002 /* DualSizeAgent */,
				D003 /* Products */,
			);
			sourceTree = "<group>";
		};
		D002 /* DualSizeAgent */ = {
			isa = PBXGroup;
			children = (
				B001 /* DualSizeAgentApp.swift */,
				B002 /* ContentView.swift */,
				B003 /* MainTabView.swift */,
				C002 /* Info.plist */,
				C003 /* DualSizeAgent.entitlements */,
				D004 /* Views */,
				D005 /* Components */,
				D006 /* Managers */,
				D007 /* Models */,
				B022 /* Assets.xcassets */,
			);
			path = DualSizeAgent;
			sourceTree = "<group>";
		};
		D003 /* Products */ = {
			isa = PBXGroup;
			children = (
				C001 /* DualSizeAgent.app */,
			);
			name = Products;
			sourceTree = "<group>";
		};
		D004 /* Views */ = {
			isa = PBXGroup;
			children = (
				B004 /* StatusView.swift */,
				B005 /* StreamView.swift */,
				B006 /* SettingsView.swift */,
				B007 /* ConnectionView.swift */,
				B008 /* PairingCodeView.swift */,
				B026 /* InfoView.swift */,
				B030 /* LocationView.swift */,
				B027 /* AnimatedGradientBG.swift */,
			);
			name = Views;
			sourceTree = "<group>";
		};
		D005 /* Components */ = {
			isa = PBXGroup;
			children = (
				B009 /* GlassCard.swift */,
				B010 /* StatusIndicator.swift */,
				B011 /* MetricRow.swift */,
				B012 /* GlassToggle.swift */,
				B028 /* LiquidGlassModifier.swift */,
				B029 /* DynamicIslandActivity.swift */,
			);
			name = Components;
			sourceTree = "<group>";
		};
		D006 /* Managers */ = {
			isa = PBXGroup;
			children = (
				B014 /* MotionTracker.swift */,
				B016 /* ConnectionManager.swift */,
				B017 /* StreamingManager.swift */,
				B018 /* PairingService.swift */,
				B019 /* AppDetector.swift */,
				B020 /* BatteryMonitor.swift */,
				B021 /* HapticManager.swift */,
				B023 /* SampleHandler.swift */,
				B024 /* VideoEncoder.swift */,
				B025 /* NetworkStreamer.swift */,
			);
			name = Managers;
			sourceTree = "<group>";
		};
		D007 /* Models */ = {
			isa = PBXGroup;
			children = (
				B013 /* Theme.swift */,
				B015 /* DeviceIdentifier.swift */,
			);
			name = Models;
			sourceTree = "<group>";
		};
/* End PBXGroup section */

/* Begin PBXNativeTarget section */
		E001 /* DualSizeAgent */ = {
			isa = PBXNativeTarget;
			buildConfigurationList = F001 /* Build configuration list for PBXNativeTarget "DualSizeAgent" */;
			buildPhases = (
				E002 /* Sources */,
				E003 /* Frameworks */,
				E004 /* Resources */,
			);
			buildRules = (
			);
			dependencies = (
			);
			name = DualSizeAgent;
			productName = DualSizeAgent;
			productReference = C001 /* DualSizeAgent.app */;
			productType = "com.apple.product-type.application";
		};
/* End PBXNativeTarget section */

/* Begin PBXProject section */
		E000 /* Project object */ = {
			isa = PBXProject;
			attributes = {
				BuildIndependentTargetsInParallel = 1;
				LastSwiftUpdateCheck = 1600;
				LastUpgradeCheck = 1600;
				TargetAttributes = {
					E001 = {
						CreatedOnToolsVersion = 16.0;
					};
				};
			};
			buildConfigurationList = F000 /* Build configuration list for PBXProject "DualSizeAgent" */;
			compatibilityVersion = "Xcode 15.0";
			developmentRegion = en;
			hasScannedForEncodings = 0;
			knownRegions = (
				en,
				Base,
				ru,
			);
			mainGroup = D001;
			productRefGroup = D003 /* Products */;
			projectDirPath = "";
			projectRoot = "";
			targets = (
				E001 /* DualSizeAgent */,
			);
		};
/* End PBXProject section */

/* Begin PBXSourcesBuildPhase section */
		E002 /* Sources */ = {
			isa = PBXSourcesBuildPhase;
			buildActionMask = 2147483647;
			files = (
				A001 /* DualSizeAgentApp.swift in Sources */,
				A002 /* ContentView.swift in Sources */,
				A003 /* MainTabView.swift in Sources */,
				A004 /* StatusView.swift in Sources */,
				A005 /* StreamView.swift in Sources */,
				A006 /* SettingsView.swift in Sources */,
				A007 /* ConnectionView.swift in Sources */,
				A008 /* PairingCodeView.swift in Sources */,
				A009 /* GlassCard.swift in Sources */,
				A010 /* StatusIndicator.swift in Sources */,
				A011 /* MetricRow.swift in Sources */,
				A012 /* GlassToggle.swift in Sources */,
				A013 /* Theme.swift in Sources */,
				A014 /* MotionTracker.swift in Sources */,
				A015 /* DeviceIdentifier.swift in Sources */,
				A016 /* ConnectionManager.swift in Sources */,
				A017 /* StreamingManager.swift in Sources */,
				A018 /* PairingService.swift in Sources */,
				A019 /* AppDetector.swift in Sources */,
				A020 /* BatteryMonitor.swift in Sources */,
				A021 /* HapticManager.swift in Sources */,
				A023 /* SampleHandler.swift in Sources */,
				A024 /* VideoEncoder.swift in Sources */,
				A025 /* NetworkStreamer.swift in Sources */,
				A026 /* InfoView.swift in Sources */,
				A027 /* AnimatedGradientBG.swift in Sources */,
				A028 /* LiquidGlassModifier.swift in Sources */,
				A029 /* DynamicIslandActivity.swift in Sources */,
				A030 /* LocationView.swift in Sources */,
			);
			runOnlyForDeploymentPostprocessing = 0;
		};
/* End PBXSourcesBuildPhase section */

/* Begin PBXFrameworksBuildPhase section */
		E003 /* Frameworks */ = {
			isa = PBXFrameworksBuildPhase;
			buildActionMask = 2147483647;
			files = (
			);
			runOnlyForDeploymentPostprocessing = 0;
		};
/* End PBXFrameworksBuildPhase section */

/* Begin PBXResourcesBuildPhase section */
		E004 /* Resources */ = {
			isa = PBXResourcesBuildPhase;
			buildActionMask = 2147483647;
			files = (
				A022 /* Assets.xcassets in Resources */,
			);
			runOnlyForDeploymentPostprocessing = 0;
		};
/* End PBXResourcesBuildPhase section */

/* Begin XCBuildConfiguration section */
		F010 /* Debug */ = {
			isa = XCBuildConfiguration;
			buildSettings = {
				ALWAYS_SEARCH_USER_PATHS = NO;
				ASSETCATALOG_COMPILER_GENERATE_SWIFT_ASSET_SYMBOL_EXTENSIONS = YES;
				CLANG_ANALYZER_NONNULL = YES;
				CLANG_ANALYZER_NUMBER_OBJECT_CONVERSION = YES_AGGRESSIVE;
				CLANG_CXX_LANGUAGE_STANDARD = "gnu++20";
				CLANG_ENABLE_MODULES = YES;
				CLANG_ENABLE_OBJC_ARC = YES;
				CLANG_ENABLE_OBJC_WEAK = YES;
				CLANG_WARN_BLOCK_CAPTURE_AUTORELEASING = YES;
				CLANG_WARN_BOOL_CONVERSION = YES;
				CLANG_WARN_COMMA = YES;
				CLANG_WARN_CONSTANT_CONVERSION = YES;
				CLANG_WARN_DEPRECATED_OBJC_IMPLEMENTATIONS = YES;
				CLANG_WARN_DIRECT_OBJC_ISA_USAGE = YES_ERROR;
				CLANG_WARN_DOCUMENTATION_COMMENTS = YES;
				CLANG_WARN_EMPTY_BODY = YES;
				CLANG_WARN_ENUM_CONVERSION = YES;
				CLANG_WARN_INFINITE_RECURSION = YES;
				CLANG_WARN_INT_CONVERSION = YES;
				CLANG_WARN_NON_LITERAL_NULL_CONVERSION = YES;
				CLANG_WARN_OBJC_IMPLICIT_RETAIN_SELF = YES;
				CLANG_WARN_OBJC_LITERAL_CONVERSION = YES;
				CLANG_WARN_OBJC_ROOT_CLASS = YES_ERROR;
				CLANG_WARN_QUOTED_INCLUDE_IN_FRAMEWORK_HEADER = YES;
				CLANG_WARN_RANGE_LOOP_ANALYSIS = YES;
				CLANG_WARN_STRICT_PROTOTYPES = YES;
				CLANG_WARN_SUSPICIOUS_MOVE = YES;
				CLANG_WARN_UNGUARDED_AVAILABILITY = YES_AGGRESSIVE;
				CLANG_WARN_UNREACHABLE_CODE = YES;
				CLANG_WARN__DUPLICATE_METHOD_MATCH = YES;
				COPY_PHASE_STRIP = NO;
				DEBUG_INFORMATION_FORMAT = dwarf;
				ENABLE_STRICT_OBJC_MSGSEND = YES;
				ENABLE_TESTABILITY = YES;
				ENABLE_USER_SCRIPT_SANDBOXING = YES;
				GCC_C_LANGUAGE_STANDARD = gnu17;
				GCC_DYNAMIC_NO_PIC = NO;
				GCC_NO_COMMON_BLOCKS = YES;
				GCC_OPTIMIZATION_LEVEL = 0;
				GCC_PREPROCESSOR_DEFINITIONS = (
					"DEBUG=1",
					"$(inherited)",
				);
				GCC_WARN_64_TO_32_BIT_CONVERSION = YES;
				GCC_WARN_ABOUT_RETURN_TYPE = YES_ERROR;
				GCC_WARN_UNDECLARED_SELECTOR = YES;
				GCC_WARN_UNINITIALIZED_AUTOS = YES_AGGRESSIVE;
				GCC_WARN_UNUSED_FUNCTION = YES;
				GCC_WARN_UNUSED_VARIABLE = YES;
				IPHONEOS_DEPLOYMENT_TARGET = 17.0;
				MTL_ENABLE_DEBUG_INFO = INCLUDE_SOURCE;
				MTL_FAST_MATH = YES;
				ONLY_ACTIVE_ARCH = YES;
				SDKROOT = iphoneos;
				SWIFT_ACTIVE_COMPILATION_CONDITIONS = "DEBUG $(inherited)";
				SWIFT_OPTIMIZATION_LEVEL = "-Onone";
			};
			name = Debug;
		};
		F011 /* Release */ = {
			isa = XCBuildConfiguration;
			buildSettings = {
				ALWAYS_SEARCH_USER_PATHS = NO;
				ASSETCATALOG_COMPILER_GENERATE_SWIFT_ASSET_SYMBOL_EXTENSIONS = YES;
				CLANG_ANALYZER_NONNULL = YES;
				CLANG_ANALYZER_NUMBER_OBJECT_CONVERSION = YES_AGGRESSIVE;
				CLANG_CXX_LANGUAGE_STANDARD = "gnu++20";
				CLANG_ENABLE_MODULES = YES;
				CLANG_ENABLE_OBJC_ARC = YES;
				CLANG_ENABLE_OBJC_WEAK = YES;
				CLANG_WARN_BLOCK_CAPTURE_AUTORELEASING = YES;
				CLANG_WARN_BOOL_CONVERSION = YES;
				CLANG_WARN_COMMA = YES;
				CLANG_WARN_CONSTANT_CONVERSION = YES;
				CLANG_WARN_DEPRECATED_OBJC_IMPLEMENTATIONS = YES;
				CLANG_WARN_DIRECT_OBJC_ISA_USAGE = YES_ERROR;
				CLANG_WARN_DOCUMENTATION_COMMENTS = YES;
				CLANG_WARN_EMPTY_BODY = YES;
				CLANG_WARN_ENUM_CONVERSION = YES;
				CLANG_WARN_INFINITE_RECURSION = YES;
				CLANG_WARN_INT_CONVERSION = YES;
				CLANG_WARN_NON_LITERAL_NULL_CONVERSION = YES;
				CLANG_WARN_OBJC_IMPLICIT_RETAIN_SELF = YES;
				CLANG_WARN_OBJC_LITERAL_CONVERSION = YES;
				CLANG_WARN_OBJC_ROOT_CLASS = YES_ERROR;
				CLANG_WARN_QUOTED_INCLUDE_IN_FRAMEWORK_HEADER = YES;
				CLANG_WARN_RANGE_LOOP_ANALYSIS = YES;
				CLANG_WARN_STRICT_PROTOTYPES = YES;
				CLANG_WARN_SUSPICIOUS_MOVE = YES;
				CLANG_WARN_UNGUARDED_AVAILABILITY = YES_AGGRESSIVE;
				CLANG_WARN_UNREACHABLE_CODE = YES;
				CLANG_WARN__DUPLICATE_METHOD_MATCH = YES;
				COPY_PHASE_STRIP = NO;
				DEBUG_INFORMATION_FORMAT = "dwarf-with-dsym";
				ENABLE_NS_ASSERTIONS = NO;
				ENABLE_STRICT_OBJC_MSGSEND = YES;
				ENABLE_USER_SCRIPT_SANDBOXING = YES;
				GCC_C_LANGUAGE_STANDARD = gnu17;
				GCC_NO_COMMON_BLOCKS = YES;
				GCC_WARN_64_TO_32_BIT_CONVERSION = YES;
				GCC_WARN_ABOUT_RETURN_TYPE = YES_ERROR;
				GCC_WARN_UNDECLARED_SELECTOR = YES;
				GCC_WARN_UNINITIALIZED_AUTOS = YES_AGGRESSIVE;
				GCC_WARN_UNUSED_FUNCTION = YES;
				GCC_WARN_UNUSED_VARIABLE = YES;
				IPHONEOS_DEPLOYMENT_TARGET = 17.0;
				MTL_FAST_MATH = YES;
				SDKROOT = iphoneos;
				SWIFT_COMPILATION_MODE = wholemodule;
				SWIFT_OPTIMIZATION_LEVEL = "-O";
				VALIDATE_PRODUCT = YES;
			};
			name = Release;
		};
		F020 /* Debug */ = {
			isa = XCBuildConfiguration;
			buildSettings = {
				ASSETCATALOG_COMPILER_APPICON_NAME = AppIcon;
				ASSETCATALOG_COMPILER_GLOBAL_ACCENT_COLOR_NAME = AccentColor;
				CODE_SIGN_ENTITLEMENTS = DualSizeAgent/DualSizeAgent.entitlements;
				CODE_SIGN_STYLE = Automatic;
				CURRENT_PROJECT_VERSION = 1;
				DEVELOPMENT_TEAM = "";
				GENERATE_INFOPLIST_FILE = NO;
				INFOPLIST_FILE = DualSizeAgent/Info.plist;
				IPHONEOS_DEPLOYMENT_TARGET = 17.0;
				LD_RUNPATH_SEARCH_PATHS = (
					"$(inherited)",
					"@executable_path/Frameworks",
				);
				MARKETING_VERSION = 1.0;
				PRODUCT_BUNDLE_IDENTIFIER = com.feelarecorp.dualsize;
				PRODUCT_NAME = "$(TARGET_NAME)";
				SUPPORTED_PLATFORMS = iphoneos;
				SUPPORTS_MAC_DESIGNED_FOR_IPHONE_IPAD = NO;
				SWIFT_EMIT_LOC_STRINGS = YES;
				SWIFT_VERSION = 5.0;
				TARGETED_DEVICE_FAMILY = 1;
			};
			name = Debug;
		};
		F021 /* Release */ = {
			isa = XCBuildConfiguration;
			buildSettings = {
				ASSETCATALOG_COMPILER_APPICON_NAME = AppIcon;
				ASSETCATALOG_COMPILER_GLOBAL_ACCENT_COLOR_NAME = AccentColor;
				CODE_SIGN_ENTITLEMENTS = DualSizeAgent/DualSizeAgent.entitlements;
				CODE_SIGN_STYLE = Automatic;
				CURRENT_PROJECT_VERSION = 1;
				DEVELOPMENT_TEAM = "";
				GENERATE_INFOPLIST_FILE = NO;
				INFOPLIST_FILE = DualSizeAgent/Info.plist;
				IPHONEOS_DEPLOYMENT_TARGET = 17.0;
				LD_RUNPATH_SEARCH_PATHS = (
					"$(inherited)",
					"@executable_path/Frameworks",
				);
				MARKETING_VERSION = 1.0;
				PRODUCT_BUNDLE_IDENTIFIER = com.feelarecorp.dualsize;
				PRODUCT_NAME = "$(TARGET_NAME)";
				SUPPORTED_PLATFORMS = iphoneos;
				SUPPORTS_MAC_DESIGNED_FOR_IPHONE_IPAD = NO;
				SWIFT_EMIT_LOC_STRINGS = YES;
				SWIFT_VERSION = 5.0;
				TARGETED_DEVICE_FAMILY = 1;
			};
			name = Release;
		};
/* End XCBuildConfiguration section */

/* Begin XCConfigurationList section */
		F000 /* Build configuration list for PBXProject "DualSizeAgent" */ = {
			isa = XCConfigurationList;
			buildConfigurations = (
				F010 /* Debug */,
				F011 /* Release */,
			);
			defaultConfigurationIsVisible = 0;
			defaultConfigurationName = Release;
		};
		F001 /* Build configuration list for PBXNativeTarget "DualSizeAgent" */ = {
			isa = XCConfigurationList;
			buildConfigurations = (
				F020 /* Debug */,
				F021 /* Release */,
			);
			defaultConfigurationIsVisible = 0;
			defaultConfigurationName = Release;
		};
/* End XCConfigurationList section */
	};
	rootObject = E000 /* Project object */;
}
